
Microsoft Visual Studio Solution File, Format Version 12.00
# Visual Studio Version 17
VisualStudioVersion = 17.4.33403.182
MinimumVisualStudioVersion = 10.0.40219.1
Project("{FAE04EC0-301F-11D3-BF4B-00C04F79EFBC}") = "GorillaScoreboard", "GorillaScoreboard\GorillaScoreboard.csproj", "{97B95885-BB2F-4988-A7E5-311282DCA61F}"
EndProject
Global
	GlobalSection(SolutionConfigurationPlatforms) = preSolution
		Debug|Any CPU = Debug|Any CPU
		Release|Any CPU = Release|Any CPU
	EndGlobalSection
	GlobalSection(ProjectConfigurationPlatforms) = postSolution
		{97B95885-BB2F-4988-A7E5-311282DCA61F}.Debug|Any CPU.ActiveCfg = Debug|Any CPU
		{97B95885-BB2F-4988-A7E5-311282DCA61F}.Debug|Any CPU.Build.0 = Debug|Any CPU
		{97B95885-BB2F-4988-A7E5-311282DCA61F}.Release|Any CPU.ActiveCfg = Release|Any CPU
		{97B95885-BB2F-4988-A7E5-311282DCA61F}.Release|Any CPU.Build.0 = Release|Any CPU
	EndGlobalSection
	GlobalSection(SolutionProperties) = preSolution
		HideSolutionNode = FALSE
	EndGlobalSection
	GlobalSection(ExtensibilityGlobals) = postSolution
		SolutionGuid = {960B649C-69C2-4264-B962-ECDA52978389}
	EndGlobalSection
EndGlobal
