
Microsoft Visual Studio Solution File, Format Version 12.00
# Visual Studio Version 17
VisualStudioVersion = 17.4.33403.182
MinimumVisualStudioVersion = 10.0.40219.1
Project("{FAE04EC0-301F-11D3-BF4B-00C04F79EFBC}") = "SpeedBoost", "SpeedBoost\SpeedBoost.csproj", "{D9DCBF9B-690F-4D4B-A107-234362A62B97}"
EndProject
Global
	GlobalSection(SolutionConfigurationPlatforms) = preSolution
		Debug|Any CPU = Debug|Any CPU
		Release|Any CPU = Release|Any CPU
	EndGlobalSection
	GlobalSection(ProjectConfigurationPlatforms) = postSolution
		{D9DCBF9B-690F-4D4B-A107-234362A62B97}.Debug|Any CPU.ActiveCfg = Debug|Any CPU
		{D9DCBF9B-690F-4D4B-A107-234362A62B97}.Debug|Any CPU.Build.0 = Debug|Any CPU
		{D9DCBF9B-690F-4D4B-A107-234362A62B97}.Release|Any CPU.ActiveCfg = Release|Any CPU
		{D9DCBF9B-690F-4D4B-A107-234362A62B97}.Release|Any CPU.Build.0 = Release|Any CPU
	EndGlobalSection
	GlobalSection(SolutionProperties) = preSolution
		HideSolutionNode = FALSE
	EndGlobalSection
	GlobalSection(ExtensibilityGlobals) = postSolution
		SolutionGuid = {73E815E2-423A-4E0E-91F3-4A44E5664163}
	EndGlobalSection
EndGlobal
